
Microsoft Visual Studio Solution File, Format Version 12.00
# Visual Studio Version 17
VisualStudioVersion = 17.3.32922.545
MinimumVisualStudioVersion = 10.0.40219.1
Project("{FAE04EC0-301F-11D3-BF4B-00C04F79EFBC}") = "SteamMaster", "SteamMaster\SteamMaster.csproj", "{85BFF854-4138-4B5F-86FA-D6472A3F52DA}"
EndProject
Project("{FAE04EC0-301F-11D3-BF4B-00C04F79EFBC}") = "SteamMaster.Achievements", "SM.Achievements\SteamMaster.Achievements.csproj", "{BC1B848C-99AF-4D13-A613-CD412637BD8E}"
EndProject
Project("{FAE04EC0-301F-11D3-BF4B-00C04F79EFBC}") = "SteamMaster.Pipes", "SteamMaster.Pipes\SteamMaster.Pipes.csproj", "{A5ED7D94-377C-416F-B4EA-774EFA2F8003}"
EndProject
Global
	GlobalSection(SolutionConfigurationPlatforms) = preSolution
		Debug|Any CPU = Debug|Any CPU
		Debug|x64 = Debug|x64
		Debug|x86 = Debug|x86
		Release|Any CPU = Release|Any CPU
		Release|x64 = Release|x64
		Release|x86 = Release|x86
	EndGlobalSection
	GlobalSection(ProjectConfigurationPlatforms) = postSolution
		{85BFF854-4138-4B5F-86FA-D6472A3F52DA}.Debug|Any CPU.ActiveCfg = Debug|Any CPU
		{85BFF854-4138-4B5F-86FA-D6472A3F52DA}.Debug|Any CPU.Build.0 = Debug|Any CPU
		{85BFF854-4138-4B5F-86FA-D6472A3F52DA}.Debug|x64.ActiveCfg = Debug|Any CPU
		{85BFF854-4138-4B5F-86FA-D6472A3F52DA}.Debug|x64.Build.0 = Debug|Any CPU
		{85BFF854-4138-4B5F-86FA-D6472A3F52DA}.Debug|x86.ActiveCfg = Debug|Any CPU
		{85BFF854-4138-4B5F-86FA-D6472A3F52DA}.Debug|x86.Build.0 = Debug|Any CPU
		{85BFF854-4138-4B5F-86FA-D6472A3F52DA}.Release|Any CPU.ActiveCfg = Release|Any CPU
		{85BFF854-4138-4B5F-86FA-D6472A3F52DA}.Release|Any CPU.Build.0 = Release|Any CPU
		{85BFF854-4138-4B5F-86FA-D6472A3F52DA}.Release|x64.ActiveCfg = Release|Any CPU
		{85BFF854-4138-4B5F-86FA-D6472A3F52DA}.Release|x64.Build.0 = Release|Any CPU
		{85BFF854-4138-4B5F-86FA-D6472A3F52DA}.Release|x86.ActiveCfg = Release|Any CPU
		{85BFF854-4138-4B5F-86FA-D6472A3F52DA}.Release|x86.Build.0 = Release|Any CPU
		{BC1B848C-99AF-4D13-A613-CD412637BD8E}.Debug|Any CPU.ActiveCfg = Debug|Any CPU
		{BC1B848C-99AF-4D13-A613-CD412637BD8E}.Debug|Any CPU.Build.0 = Debug|Any CPU
		{BC1B848C-99AF-4D13-A613-CD412637BD8E}.Debug|x64.ActiveCfg = Debug|Any CPU
		{BC1B848C-99AF-4D13-A613-CD412637BD8E}.Debug|x64.Build.0 = Debug|Any CPU
		{BC1B848C-99AF-4D13-A613-CD412637BD8E}.Debug|x86.ActiveCfg = Debug|Any CPU
		{BC1B848C-99AF-4D13-A613-CD412637BD8E}.Debug|x86.Build.0 = Debug|Any CPU
		{BC1B848C-99AF-4D13-A613-CD412637BD8E}.Release|Any CPU.ActiveCfg = Release|Any CPU
		{BC1B848C-99AF-4D13-A613-CD412637BD8E}.Release|Any CPU.Build.0 = Release|Any CPU
		{BC1B848C-99AF-4D13-A613-CD412637BD8E}.Release|x64.ActiveCfg = Release|Any CPU
		{BC1B848C-99AF-4D13-A613-CD412637BD8E}.Release|x64.Build.0 = Release|Any CPU
		{BC1B848C-99AF-4D13-A613-CD412637BD8E}.Release|x86.ActiveCfg = Release|Any CPU
		{BC1B848C-99AF-4D13-A613-CD412637BD8E}.Release|x86.Build.0 = Release|Any CPU
		{A5ED7D94-377C-416F-B4EA-774EFA2F8003}.Debug|Any CPU.ActiveCfg = Debug|Any CPU
		{A5ED7D94-377C-416F-B4EA-774EFA2F8003}.Debug|Any CPU.Build.0 = Debug|Any CPU
		{A5ED7D94-377C-416F-B4EA-774EFA2F8003}.Debug|x64.ActiveCfg = Debug|Any CPU
		{A5ED7D94-377C-416F-B4EA-774EFA2F8003}.Debug|x64.Build.0 = Debug|Any CPU
		{A5ED7D94-377C-416F-B4EA-774EFA2F8003}.Debug|x86.ActiveCfg = Debug|Any CPU
		{A5ED7D94-377C-416F-B4EA-774EFA2F8003}.Debug|x86.Build.0 = Debug|Any CPU
		{A5ED7D94-377C-416F-B4EA-774EFA2F8003}.Release|Any CPU.ActiveCfg = Release|Any CPU
		{A5ED7D94-377C-416F-B4EA-774EFA2F8003}.Release|Any CPU.Build.0 = Release|Any CPU
		{A5ED7D94-377C-416F-B4EA-774EFA2F8003}.Release|x64.ActiveCfg = Release|Any CPU
		{A5ED7D94-377C-416F-B4EA-774EFA2F8003}.Release|x64.Build.0 = Release|Any CPU
		{A5ED7D94-377C-416F-B4EA-774EFA2F8003}.Release|x86.ActiveCfg = Release|Any CPU
		{A5ED7D94-377C-416F-B4EA-774EFA2F8003}.Release|x86.Build.0 = Release|Any CPU
	EndGlobalSection
	GlobalSection(SolutionProperties) = preSolution
		HideSolutionNode = FALSE
	EndGlobalSection
	GlobalSection(ExtensibilityGlobals) = postSolution
		SolutionGuid = {90FD222D-97BB-4FAD-A1DF-3FC657CB82CE}
	EndGlobalSection
EndGlobal
